
Microsoft Visual Studio Solution File, Format Version 12.00
# Visual Studio Version 17
VisualStudioVersion = 17.13.35825.156 d17.13
MinimumVisualStudioVersion = 10.0.40219.1
Project("{FAE04EC0-301F-11D3-BF4B-00C04F79EFBC}") = "MauiApp4", "MauiApp4\MauiApp4.csproj", "{6B15383A-C53F-4CA1-8623-AD5E80D0A526}"
EndProject
Global
	GlobalSection(SolutionConfigurationPlatforms) = preSolution
		Debug|Any CPU = Debug|Any CPU
		Release|Any CPU = Release|Any CPU
	EndGlobalSection
	GlobalSection(ProjectConfigurationPlatforms) = postSolution
		{6B15383A-C53F-4CA1-8623-AD5E80D0A526}.Debug|Any CPU.ActiveCfg = Debug|Any CPU
		{6B15383A-C53F-4CA1-8623-AD5E80D0A526}.Debug|Any CPU.Build.0 = Debug|Any CPU
		{6B15383A-C53F-4CA1-8623-AD5E80D0A526}.Release|Any CPU.ActiveCfg = Release|Any CPU
		{6B15383A-C53F-4CA1-8623-AD5E80D0A526}.Release|Any CPU.Build.0 = Release|Any CPU
	EndGlobalSection
	GlobalSection(SolutionProperties) = preSolution
		HideSolutionNode = FALSE
	EndGlobalSection
	GlobalSection(ExtensibilityGlobals) = postSolution
		SolutionGuid = {8ACB4A87-0758-4499-A807-DAD7EFCD987A}
	EndGlobalSection
EndGlobal
